
Microsoft Visual Studio Solution File, Format Version 12.00
# Visual Studio Version 17
VisualStudioVersion = 17.6.33801.468
MinimumVisualStudioVersion = 10.0.40219.1
Project("{9A19103F-16F7-4668-BE54-9A1E7A4F7556}") = "AttendanceSystemBackend", "AttendanceSystem\AttendanceSystemBackend.csproj", "{226E95A3-4DD1-447B-9B29-A703081C586C}"
EndProject
Global
	GlobalSection(SolutionConfigurationPlatforms) = preSolution
		Debug|Any CPU = Debug|Any CPU
		Release|Any CPU = Release|Any CPU
	EndGlobalSection
	GlobalSection(ProjectConfigurationPlatforms) = postSolution
		{226E95A3-4DD1-447B-9B29-A703081C586C}.Debug|Any CPU.ActiveCfg = Debug|Any CPU
		{226E95A3-4DD1-447B-9B29-A703081C586C}.Debug|Any CPU.Build.0 = Debug|Any CPU
		{226E95A3-4DD1-447B-9B29-A703081C586C}.Release|Any CPU.ActiveCfg = Release|Any CPU
		{226E95A3-4DD1-447B-9B29-A703081C586C}.Release|Any CPU.Build.0 = Release|Any CPU
	EndGlobalSection
	GlobalSection(SolutionProperties) = preSolution
		HideSolutionNode = FALSE
	EndGlobalSection
	GlobalSection(ExtensibilityGlobals) = postSolution
		SolutionGuid = {3149F04D-B444-4D28-AA21-0B8B6023429A}
	EndGlobalSection
EndGlobal
